
Microsoft Visual Studio Solution File, Format Version 11.00
# Visual Studio 2010
Project("{FAE04EC0-301F-11D3-BF4B-00C04F79EFBC}") = "Assembly-CSharp", "Assembly-CSharp.csproj", "{13cfe5c1-6d61-9d0a-ac71-642f2480e0a6}"
EndProject
Project("{FAE04EC0-301F-11D3-BF4B-00C04F79EFBC}") = "GoogleMobileAds.Editor", "GoogleMobileAds.Editor.csproj", "{3b224df6-1ff6-c5a5-c55b-360b1e4aca24}"
EndProject
Global
	GlobalSection(SolutionConfigurationPlatforms) = preSolution
		Debug|Any CPU = Debug|Any CPU
	EndGlobalSection
	GlobalSection(ProjectConfigurationPlatforms) = postSolution
		{13cfe5c1-6d61-9d0a-ac71-642f2480e0a6}.Debug|Any CPU.ActiveCfg = Debug|Any CPU
		{13cfe5c1-6d61-9d0a-ac71-642f2480e0a6}.Debug|Any CPU.Build.0 = Debug|Any CPU
		{3b224df6-1ff6-c5a5-c55b-360b1e4aca24}.Debug|Any CPU.ActiveCfg = Debug|Any CPU
		{3b224df6-1ff6-c5a5-c55b-360b1e4aca24}.Debug|Any CPU.Build.0 = Debug|Any CPU
	EndGlobalSection
	GlobalSection(SolutionProperties) = preSolution
		HideSolutionNode = FALSE
	EndGlobalSection
EndGlobal
